{
  "version": 4,
  "terraform_version": "1.3.7",
  "serial": 25,
  "lineage": "fa4a10de-5421-136c-9bd3-e5bad0dd729c",
  "outputs": {},
  "resources": [
    {
      "mode": "data",
      "type": "digitalocean_ssh_key",
      "name": "jornada",
      "provider": "provider[\"registry.terraform.io/digitalocean/digitalocean\"]",
      "instances": [
        {
          "schema_version": 0,
          "attributes": {
            "fingerprint": "67:93:a3:9c:e5:5d:d1:23:bf:0b:fa:fb:41:df:3e:ed",
            "id": 37353112,
            "name": "jornada",
            "public_key": "ssh-rsa AAAAB3NzaC1yc2EAAAADAQABAAABAQDl++ItyVuSik07sOeBnImu3fKKMSWgKE+WcYBWytGo1ypTxS6U51rSd8ke/uv+2FAb9uvuR+0ry1zsU4LR+u2dnhRQ1YFP6iKsRFCsFM3Qu32va2yX4W3blsX5NV/TA/RjtReHRjHiJkVaQTmf1gYtF91Z2qrmnHusLGDl5T8mBT47lgL+9mODQ5BNdX7PNip19P3Z+SVf8VojL4xUIm90pOz6xK9xTLWRrtDdXeAUP63C0aIpk9KnjCGvXj07gqfV1KYnyQMvX/TiSV5uyt4p+gn9cPYQ2OIxM8c/gIWplpcrgvBgrmgvZom4JN1RMk50uFZNU8NJiwzc9ioXiQjL ale@ale-virtualbox"
          },
          "sensitive_attributes": []
        }
      ]
    },
    {
      "mode": "managed",
      "type": "digitalocean_droplet",
      "name": "jornada",
      "provider": "provider[\"registry.terraform.io/digitalocean/digitalocean\"]",
      "instances": [
        {
          "schema_version": 1,
          "attributes": {
            "backups": false,
            "created_at": "2023-01-26T10:40:41Z",
            "disk": 60,
            "droplet_agent": null,
            "graceful_shutdown": false,
            "id": "337616645",
            "image": "ubuntu-22-04-x64",
            "ipv4_address": "104.131.163.167",
            "ipv4_address_private": "10.108.0.2",
            "ipv6": false,
            "ipv6_address": "",
            "locked": false,
            "memory": 2048,
            "monitoring": false,
            "name": "jenkins",
            "price_hourly": 0.02679,
            "price_monthly": 18,
            "private_networking": true,
            "region": "nyc3",
            "resize_disk": true,
            "size": "s-2vcpu-2gb",
            "ssh_keys": [
              "37353112"
            ],
            "status": "active",
            "tags": null,
            "timeouts": null,
            "urn": "do:droplet:337616645",
            "user_data": null,
            "vcpus": 2,
            "volume_ids": [],
            "vpc_uuid": "9c946995-3e17-4153-869c-50e9826aeb07"
          },
          "sensitive_attributes": [],
          "private": "eyJlMmJmYjczMC1lY2FhLTExZTYtOGY4OC0zNDM2M2JjN2M0YzAiOnsiY3JlYXRlIjozNjAwMDAwMDAwMDAwLCJkZWxldGUiOjYwMDAwMDAwMDAwLCJ1cGRhdGUiOjM2MDAwMDAwMDAwMDB9LCJzY2hlbWFfdmVyc2lvbiI6IjEifQ==",
          "dependencies": [
            "data.digitalocean_ssh_key.jornada"
          ]
        }
      ]
    }
  ],
  "check_results": null
}
